
Microsoft Visual Studio Solution File, Format Version 12.00
# Visual Studio Version 17
VisualStudioVersion = 17.8.34408.163
MinimumVisualStudioVersion = 10.0.40219.1
Project("{FAE04EC0-301F-11D3-BF4B-00C04F79EFBC}") = "ATM Simulator", "ATM Simulator.csproj", "{51F796C0-0ED9-42AA-904B-18FEDF2E435F}"
EndProject
Global
	GlobalSection(SolutionConfigurationPlatforms) = preSolution
		Debug|Any CPU = Debug|Any CPU
		Release|Any CPU = Release|Any CPU
	EndGlobalSection
	GlobalSection(ProjectConfigurationPlatforms) = postSolution
		{51F796C0-0ED9-42AA-904B-18FEDF2E435F}.Debug|Any CPU.ActiveCfg = Debug|Any CPU
		{51F796C0-0ED9-42AA-904B-18FEDF2E435F}.Debug|Any CPU.Build.0 = Debug|Any CPU
		{51F796C0-0ED9-42AA-904B-18FEDF2E435F}.Release|Any CPU.ActiveCfg = Release|Any CPU
		{51F796C0-0ED9-42AA-904B-18FEDF2E435F}.Release|Any CPU.Build.0 = Release|Any CPU
	EndGlobalSection
	GlobalSection(SolutionProperties) = preSolution
		HideSolutionNode = FALSE
	EndGlobalSection
	GlobalSection(ExtensibilityGlobals) = postSolution
		SolutionGuid = {F34A83BF-A762-434A-BC45-D9C7BDCAC8EF}
	EndGlobalSection
EndGlobal
